
Microsoft Visual Studio Solution File, Format Version 12.00
# Visual Studio Version 16
VisualStudioVersion = 16.0.33423.256
MinimumVisualStudioVersion = 10.0.40219.1
Project("{FAE04EC0-301F-11D3-BF4B-00C04F79EFBC}") = "DocxUploaderAPI", "DocxUploaderAPI\DocxUploaderAPI.csproj", "{C254DAF0-F623-425E-890A-FE0DA7CE83D3}"
EndProject
Global
	GlobalSection(SolutionConfigurationPlatforms) = preSolution
		Debug|Any CPU = Debug|Any CPU
		Release|Any CPU = Release|Any CPU
	EndGlobalSection
	GlobalSection(ProjectConfigurationPlatforms) = postSolution
		{C254DAF0-F623-425E-890A-FE0DA7CE83D3}.Debug|Any CPU.ActiveCfg = Debug|Any CPU
		{C254DAF0-F623-425E-890A-FE0DA7CE83D3}.Debug|Any CPU.Build.0 = Debug|Any CPU
		{C254DAF0-F623-425E-890A-FE0DA7CE83D3}.Release|Any CPU.ActiveCfg = Release|Any CPU
		{C254DAF0-F623-425E-890A-FE0DA7CE83D3}.Release|Any CPU.Build.0 = Release|Any CPU
	EndGlobalSection
	GlobalSection(SolutionProperties) = preSolution
		HideSolutionNode = FALSE
	EndGlobalSection
	GlobalSection(ExtensibilityGlobals) = postSolution
		SolutionGuid = {8B0E88C0-7030-4E44-8CC2-48AF85E80ED5}
	EndGlobalSection
EndGlobal
